
Microsoft Visual Studio Solution File, Format Version 12.00
# Visual Studio Version 17
VisualStudioVersion = 17.2.32616.157
MinimumVisualStudioVersion = 10.0.40219.1
Project("{FAE04EC0-301F-11D3-BF4B-00C04F79EFBC}") = "Deliverable2", "Deliverable2\Deliverable2.csproj", "{7600EEC0-5121-4E63-8B87-2DF96287CBD2}"
EndProject
Global
	GlobalSection(SolutionConfigurationPlatforms) = preSolution
		Debug|Any CPU = Debug|Any CPU
		Release|Any CPU = Release|Any CPU
	EndGlobalSection
	GlobalSection(ProjectConfigurationPlatforms) = postSolution
		{7600EEC0-5121-4E63-8B87-2DF96287CBD2}.Debug|Any CPU.ActiveCfg = Debug|Any CPU
		{7600EEC0-5121-4E63-8B87-2DF96287CBD2}.Debug|Any CPU.Build.0 = Debug|Any CPU
		{7600EEC0-5121-4E63-8B87-2DF96287CBD2}.Release|Any CPU.ActiveCfg = Release|Any CPU
		{7600EEC0-5121-4E63-8B87-2DF96287CBD2}.Release|Any CPU.Build.0 = Release|Any CPU
	EndGlobalSection
	GlobalSection(SolutionProperties) = preSolution
		HideSolutionNode = FALSE
	EndGlobalSection
	GlobalSection(ExtensibilityGlobals) = postSolution
		SolutionGuid = {004F7AE0-7D2D-4893-A763-95C7FBC0A342}
	EndGlobalSection
EndGlobal
